
Microsoft Visual Studio Solution File, Format Version 12.00
# Visual Studio 15
VisualStudioVersion = 15.0.26730.16
MinimumVisualStudioVersion = 10.0.40219.1
Project("{8BC9CEB8-8B4A-11D0-8D11-00A0C91BC942}") = "CM", "CM\CM.vcxproj", "{EDAD1CE9-EC06-4B2A-97FC-E93B3BAD95D2}"
EndProject
Global
	GlobalSection(SolutionConfigurationPlatforms) = preSolution
		Debug|x64 = Debug|x64
		Debug|x86 = Debug|x86
		Release|x64 = Release|x64
		Release|x86 = Release|x86
	EndGlobalSection
	GlobalSection(ProjectConfigurationPlatforms) = postSolution
		{EDAD1CE9-EC06-4B2A-97FC-E93B3BAD95D2}.Debug|x64.ActiveCfg = Debug|x64
		{EDAD1CE9-EC06-4B2A-97FC-E93B3BAD95D2}.Debug|x64.Build.0 = Debug|x64
		{EDAD1CE9-EC06-4B2A-97FC-E93B3BAD95D2}.Debug|x86.ActiveCfg = Debug|Win32
		{EDAD1CE9-EC06-4B2A-97FC-E93B3BAD95D2}.Debug|x86.Build.0 = Debug|Win32
		{EDAD1CE9-EC06-4B2A-97FC-E93B3BAD95D2}.Release|x64.ActiveCfg = Release|x64
		{EDAD1CE9-EC06-4B2A-97FC-E93B3BAD95D2}.Release|x64.Build.0 = Release|x64
		{EDAD1CE9-EC06-4B2A-97FC-E93B3BAD95D2}.Release|x86.ActiveCfg = Release|Win32
		{EDAD1CE9-EC06-4B2A-97FC-E93B3BAD95D2}.Release|x86.Build.0 = Release|Win32
	EndGlobalSection
	GlobalSection(SolutionProperties) = preSolution
		HideSolutionNode = FALSE
	EndGlobalSection
	GlobalSection(ExtensibilityGlobals) = postSolution
		SolutionGuid = {98482769-DF80-40CB-8065-851D7A753FEF}
	EndGlobalSection
EndGlobal
